
Microsoft Visual Studio Solution File, Format Version 12.00
# Visual Studio Version 17
VisualStudioVersion = 17.7.34031.279
MinimumVisualStudioVersion = 10.0.40219.1
Project("{FAE04EC0-301F-11D3-BF4B-00C04F79EFBC}") = "DCIT318-10976979", "DCIT318-10976979\DCIT318-10976979.csproj", "{B2289AC1-1365-44B8-BCB7-971F7198D25B}"
EndProject
Global
	GlobalSection(SolutionConfigurationPlatforms) = preSolution
		Debug|Any CPU = Debug|Any CPU
		Release|Any CPU = Release|Any CPU
	EndGlobalSection
	GlobalSection(ProjectConfigurationPlatforms) = postSolution
		{B2289AC1-1365-44B8-BCB7-971F7198D25B}.Debug|Any CPU.ActiveCfg = Debug|Any CPU
		{B2289AC1-1365-44B8-BCB7-971F7198D25B}.Debug|Any CPU.Build.0 = Debug|Any CPU
		{B2289AC1-1365-44B8-BCB7-971F7198D25B}.Release|Any CPU.ActiveCfg = Release|Any CPU
		{B2289AC1-1365-44B8-BCB7-971F7198D25B}.Release|Any CPU.Build.0 = Release|Any CPU
	EndGlobalSection
	GlobalSection(SolutionProperties) = preSolution
		HideSolutionNode = FALSE
	EndGlobalSection
	GlobalSection(ExtensibilityGlobals) = postSolution
		SolutionGuid = {E5186991-5605-48F0-8591-AE13590CC008}
	EndGlobalSection
EndGlobal
